
Microsoft Visual Studio Solution File, Format Version 12.00
# Visual Studio Version 17
VisualStudioVersion = 17.9.34728.123
MinimumVisualStudioVersion = 10.0.40219.1
Project("{FAE04EC0-301F-11D3-BF4B-00C04F79EFBC}") = "MVCProject", "MVCProject\MVCProject.csproj", "{A723A4A9-9786-4F85-9ED8-1B71A0D602DB}"
EndProject
Global
	GlobalSection(SolutionConfigurationPlatforms) = preSolution
		Debug|Any CPU = Debug|Any CPU
		Release|Any CPU = Release|Any CPU
	EndGlobalSection
	GlobalSection(ProjectConfigurationPlatforms) = postSolution
		{A723A4A9-9786-4F85-9ED8-1B71A0D602DB}.Debug|Any CPU.ActiveCfg = Debug|Any CPU
		{A723A4A9-9786-4F85-9ED8-1B71A0D602DB}.Debug|Any CPU.Build.0 = Debug|Any CPU
		{A723A4A9-9786-4F85-9ED8-1B71A0D602DB}.Release|Any CPU.ActiveCfg = Release|Any CPU
		{A723A4A9-9786-4F85-9ED8-1B71A0D602DB}.Release|Any CPU.Build.0 = Release|Any CPU
	EndGlobalSection
	GlobalSection(SolutionProperties) = preSolution
		HideSolutionNode = FALSE
	EndGlobalSection
	GlobalSection(ExtensibilityGlobals) = postSolution
		SolutionGuid = {65E18D56-BB34-4275-AFA6-F2540C931A55}
	EndGlobalSection
EndGlobal
