
Microsoft Visual Studio Solution File, Format Version 12.00
# Visual Studio Version 17
VisualStudioVersion = 17.9.34728.123
MinimumVisualStudioVersion = 10.0.40219.1
Project("{FAE04EC0-301F-11D3-BF4B-00C04F79EFBC}") = "NZWalks.API", "NZWalks.API\NZWalks.API.csproj", "{1E59F015-535B-459C-B1E2-EDF11154694A}"
EndProject
Global
	GlobalSection(SolutionConfigurationPlatforms) = preSolution
		Debug|Any CPU = Debug|Any CPU
		Release|Any CPU = Release|Any CPU
	EndGlobalSection
	GlobalSection(ProjectConfigurationPlatforms) = postSolution
		{1E59F015-535B-459C-B1E2-EDF11154694A}.Debug|Any CPU.ActiveCfg = Debug|Any CPU
		{1E59F015-535B-459C-B1E2-EDF11154694A}.Debug|Any CPU.Build.0 = Debug|Any CPU
		{1E59F015-535B-459C-B1E2-EDF11154694A}.Release|Any CPU.ActiveCfg = Release|Any CPU
		{1E59F015-535B-459C-B1E2-EDF11154694A}.Release|Any CPU.Build.0 = Release|Any CPU
	EndGlobalSection
	GlobalSection(SolutionProperties) = preSolution
		HideSolutionNode = FALSE
	EndGlobalSection
	GlobalSection(ExtensibilityGlobals) = postSolution
		SolutionGuid = {973AC4E7-7B0C-411F-80CE-D1D6F6438E57}
	EndGlobalSection
EndGlobal
